// !$*UTF8*$!
{
	archiveVersion = 1;
	classes = {
	};
	objectVersion = 46;
	objects = {

/* Begin PBXBuildFile section */
		098F3257154FEAA60078D309 /* UIKit.framework in Frameworks */ = {isa = PBXBuildFile; fileRef = 098F3256154FEAA60078D309 /* UIKit.framework */; };
		098F3259154FEAA60078D309 /* Foundation.framework in Frameworks */ = {isa = PBXBuildFile; fileRef = 098F3258154FEAA60078D309 /* Foundation.framework */; };
		098F325B154FEAA60078D309 /* CoreGraphics.framework in Frameworks */ = {isa = PBXBuildFile; fileRef = 098F325A154FEAA60078D309 /* CoreGraphics.framework */; };
		098F3261154FEAA60078D309 /* InfoPlist.strings in Resources */ = {isa = PBXBuildFile; fileRef = 098F325F154FEAA60078D309 /* InfoPlist.strings */; };
		098F3263154FEAA60078D309 /* main.m in Sources */ = {isa = PBXBuildFile; fileRef = 098F3262154FEAA60078D309 /* main.m */; };
		098F3267154FEAA60078D309 /* AppDelegate.m in Sources */ = {isa = PBXBuildFile; fileRef = 098F3266154FEAA60078D309 /* AppDelegate.m */; };
		098F326A154FEAA60078D309 /* ViewController.m in Sources */ = {isa = PBXBuildFile; fileRef = 098F3269154FEAA60078D309 /* ViewController.m */; };
		098F326D154FEAA60078D309 /* ViewController.xib in Resources */ = {isa = PBXBuildFile; fileRef = 098F326B154FEAA60078D309 /* ViewController.xib */; };
/* End PBXBuildFile section */

/* Begin PBXFileReference section */
		098F3252154FEAA60078D309 /* DeadPixels.app */ = {isa = PBXFileReference; explicitFileType = wrapper.application; includeInIndex = 0; path = DeadPixels.app; sourceTree = BUILT_PRODUCTS_DIR; };
		098F3256154FEAA60078D309 /* UIKit.framework */ = {isa = PBXFileReference; lastKnownFileType = wrapper.framework; name = UIKit.framework; path = System/Library/Frameworks/UIKit.framework; sourceTree = SDKROOT; };
		098F3258154FEAA60078D309 /* Foundation.framework */ = {isa = PBXFileReference; lastKnownFileType = wrapper.framework; name = Foundation.framework; path = System/Library/Frameworks/Foundation.framework; sourceTree = SDKROOT; };
		098F325A154FEAA60078D309 /* CoreGraphics.framework */ = {isa = PBXFileReference; lastKnownFileType = wrapper.framework; name = CoreGraphics.framework; path = System/Library/Frameworks/CoreGraphics.framework; sourceTree = SDKROOT; };
		098F325E154FEAA60078D309 /* DeadPixels-Info.plist */ = {isa = PBXFileReference; path = "DeadPixels-Info.plist"; sourceTree = "<group>"; };
		098F3260154FEAA60078D309 /* en */ = {isa = PBXFileReference; lastKnownFileType = text.plist.strings; name = en; path = en.lproj/InfoPlist.strings; sourceTree = "<group>"; };
		098F3262154FEAA60078D309 /* main.m */ = {isa = PBXFileReference; lastKnownFileType = sourcecode.c.objc; path = main.m; sourceTree = "<group>"; };
		098F3264154FEAA60078D309 /* DeadPixels-Prefix.pch */ = {isa = PBXFileReference; path = "DeadPixels-Prefix.pch"; sourceTree = "<group>"; };
		098F3265154FEAA60078D309 /* AppDelegate.h */ = {isa = PBXFileReference; path = AppDelegate.h; sourceTree = "<group>"; };
		098F3266154FEAA60078D309 /* AppDelegate.m */ = {isa = PBXFileReference; lastKnownFileType = sourcecode.c.objc; path = AppDelegate.m; sourceTree = "<group>"; };
		098F3268154FEAA60078D309 /* ViewController.h */ = {isa = PBXFileReference; path = ViewController.h; sourceTree = "<group>"; };
		098F3269154FEAA60078D309 /* ViewController.m */ = {isa = PBXFileReference; lastKnownFileType = sourcecode.c.objc; path = ViewController.m; sourceTree = "<group>"; };
		098F326C154FEAA60078D309 /* en */ = {isa = PBXFileReference; lastKnownFileType = file.xib; name = en; path = en.lproj/ViewController.xib; sourceTree = "<group>"; };
/* End PBXFileReference section */

/* Begin PBXFrameworksBuildPhase section */
		098F324F154FEAA60078D309 /* Frameworks */ = {
			isa = PBXFrameworksBuildPhase;
			buildActionMask = 2147483647;
			files = (
				098F3257154FEAA60078D309 /* UIKit.framework in Frameworks */,
				098F3259154FEAA60078D309 /* Foundation.framework in Frameworks */,
				098F325B154FEAA60078D309 /* CoreGraphics.framework in Frameworks */,
			);
			runOnlyForDeploymentPostprocessing = 0;
		};
/* End PBXFrameworksBuildPhase section */

/* Begin PBXGroup section */
		098F3247154FEAA60078D309 = {
			isa = PBXGroup;
			children = (
				098F325C154FEAA60078D309 /* DeadPixels */,
				098F3255154FEAA60078D309 /* Frameworks */,
				098F3253154FEAA60078D309 /* Products */,
			);
			sourceTree = "<group>";
		};
		098F3253154FEAA60078D309 /* Products */ = {
			isa = PBXGroup;
			children = (
				098F3252154FEAA60078D309 /* DeadPixels.app */,
			);
			name = Products;
			sourceTree = "<group>";
		};
		098F3255154FEAA60078D309 /* Frameworks */ = {
			isa = PBXGroup;
			children = (
				098F3256154FEAA60078D309 /* UIKit.framework */,
				098F3258154FEAA60078D309 /* Foundation.framework */,
				098F325A154FEAA60078D309 /* CoreGraphics.framework */,
			);
			name = Frameworks;
			sourceTree = "<group>";
		};
		098F325C154FEAA60078D309 /* DeadPixels */ = {
			isa = PBXGroup;
			children = (
				098F3265154FEAA60078D309 /* AppDelegate.h */,
				098F3266154FEAA60078D309 /* AppDelegate.m */,
				098F3268154FEAA60078D309 /* ViewController.h */,
				098F3269154FEAA60078D309 /* ViewController.m */,
				098F326B154FEAA60078D309 /* ViewController.xib */,
				098F325D154FEAA60078D309 /* Supporting Files */,
			);
			path = DeadPixels;
			sourceTree = "<group>";
		};
		098F325D154FEAA60078D309 /* Supporting Files */ = {
			isa = PBXGroup;
			children = (
				098F325E154FEAA60078D309 /* DeadPixels-Info.plist */,
				098F325F154FEAA60078D309 /* InfoPlist.strings */,
				098F3262154FEAA60078D309 /* main.m */,
				098F3264154FEAA60078D309 /* DeadPixels-Prefix.pch */,
			);
			name = "Supporting Files";
			sourceTree = "<group>";
		};
/* End PBXGroup section */

/* Begin PBXNativeTarget section */
		098F3251154FEAA60078D309 /* DeadPixels */ = {
			isa = PBXNativeTarget;
			buildConfigurationList = 098F3270154FEAA60078D309 /* Build configuration list for PBXNativeTarget "DeadPixels" */;
			buildPhases = (
				098F324E154FEAA60078D309 /* Sources */,
				098F324F154FEAA60078D309 /* Frameworks */,
				098F3250154FEAA60078D309 /* Resources */,
			);
			buildRules = (
			);
			dependencies = (
			);
			name = DeadPixels;
			productName = DeadPixels;
			productReference = 098F3252154FEAA60078D309 /* DeadPixels.app */;
			productType = "com.apple.product-type.application";
		};
/* End PBXNativeTarget section */

/* Begin PBXProject section */
		098F3249154FEAA60078D309 /* Project object */ = {
			isa = PBXProject;
			attributes = {
				LastUpgradeCheck = 0430;
				ORGANIZATIONNAME = "Studio Mobile";
			};
			buildConfigurationList = 098F324C154FEAA60078D309 /* Build configuration list for PBXProject "DeadPixels" */;
			compatibilityVersion = "Xcode 3.2";
			developmentRegion = English;
			hasScannedForEncodings = 0;
			knownRegions = (
				en,
			);
			mainGroup = 098F3247154FEAA60078D309;
			productRefGroup = 098F3253154FEAA60078D309 /* Products */;
			projectDirPath = "";
			projectRoot = "";
			targets = (
				098F3251154FEAA60078D309 /* DeadPixels */,
			);
		};
/* End PBXProject section */

/* Begin PBXResourcesBuildPhase section */
		098F3250154FEAA60078D309 /* Resources */ = {
			isa = PBXResourcesBuildPhase;
			buildActionMask = 2147483647;
			files = (
				098F3261154FEAA60078D309 /* InfoPlist.strings in Resources */,
				098F326D154FEAA60078D309 /* ViewController.xib in Resources */,
			);
			runOnlyForDeploymentPostprocessing = 0;
		};
/* End PBXResourcesBuildPhase section */

/* Begin PBXSourcesBuildPhase section */
		098F324E154FEAA60078D309 /* Sources */ = {
			isa = PBXSourcesBuildPhase;
			buildActionMask = 2147483647;
			files = (
				098F3263154FEAA60078D309 /* main.m in Sources */,
				098F3267154FEAA60078D309 /* AppDelegate.m in Sources */,
				098F326A154FEAA60078D309 /* ViewController.m in Sources */,
			);
			runOnlyForDeploymentPostprocessing = 0;
		};
/* End PBXSourcesBuildPhase section */

/* Begin PBXVariantGroup section */
		098F325F154FEAA60078D309 /* InfoPlist.strings */ = {
			isa = PBXVariantGroup;
			children = (
				098F3260154FEAA60078D309 /* en */,
			);
			name = InfoPlist.strings;
			sourceTree = "<group>";
		};
		098F326B154FEAA60078D309 /* ViewController.xib */ = {
			isa = PBXVariantGroup;
			children = (
				098F326C154FEAA60078D309 /* en */,
			);
			name = ViewController.xib;
			sourceTree = "<group>";
		};
/* End PBXVariantGroup section */

/* Begin XCBuildConfiguration section */
		098F326E154FEAA60078D309 /* Debug */ = {
			isa = XCBuildConfiguration;
			buildSettings = {
				ALWAYS_SEARCH_USER_PATHS = NO;
				ARCHS = "$(ARCHS_STANDARD_32_BIT)";
				CLANG_ENABLE_OBJC_ARC = YES;
				"CODE_SIGN_IDENTITY[sdk=iphoneos*]" = "iPhone Developer";
				COPY_PHASE_STRIP = NO;
				GCC_C_LANGUAGE_STANDARD = gnu99;
				GCC_DYNAMIC_NO_PIC = NO;
				GCC_OPTIMIZATION_LEVEL = 0;
				GCC_PREPROCESSOR_DEFINITIONS = (
					"DEBUG=1",
					"$(inherited)",
				);
				GCC_SYMBOLS_PRIVATE_EXTERN = NO;
				GCC_VERSION = com.apple.compilers.llvm.clang.1_0;
				GCC_WARN_ABOUT_RETURN_TYPE = YES;
				GCC_WARN_UNINITIALIZED_AUTOS = YES;
				GCC_WARN_UNUSED_VARIABLE = YES;
				IPHONEOS_DEPLOYMENT_TARGET = 5.1;
				SDKROOT = iphoneos;
			};
			name = Debug;
		};
		098F326F154FEAA60078D309 /* Release */ = {
			isa = XCBuildConfiguration;
			buildSettings = {
				ALWAYS_SEARCH_USER_PATHS = NO;
				ARCHS = "$(ARCHS_STANDARD_32_BIT)";
				CLANG_ENABLE_OBJC_ARC = YES;
				"CODE_SIGN_IDENTITY[sdk=iphoneos*]" = "iPhone Developer";
				COPY_PHASE_STRIP = YES;
				GCC_C_LANGUAGE_STANDARD = gnu99;
				GCC_VERSION = com.apple.compilers.llvm.clang.1_0;
				GCC_WARN_ABOUT_RETURN_TYPE = YES;
				GCC_WARN_UNINITIALIZED_AUTOS = YES;
				GCC_WARN_UNUSED_VARIABLE = YES;
				IPHONEOS_DEPLOYMENT_TARGET = 5.1;
				OTHER_CFLAGS = "-DNS_BLOCK_ASSERTIONS=1";
				SDKROOT = iphoneos;
				VALIDATE_PRODUCT = YES;
			};
			name = Release;
		};
		098F3271154FEAA60078D309 /* Debug */ = {
			isa = XCBuildConfiguration;
			buildSettings = {
				GCC_PRECOMPILE_PREFIX_HEADER = YES;
				GCC_PREFIX_HEADER = "DeadPixels/DeadPixels-Prefix.pch";
				INFOPLIST_FILE = "DeadPixels/DeadPixels-Info.plist";
				PRODUCT_NAME = "$(TARGET_NAME)";
				WRAPPER_EXTENSION = app;
			};
			name = Debug;
		};
		098F3272154FEAA60078D309 /* Release */ = {
			isa = XCBuildConfiguration;
			buildSettings = {
				GCC_PRECOMPILE_PREFIX_HEADER = YES;
				GCC_PREFIX_HEADER = "DeadPixels/DeadPixels-Prefix.pch";
				INFOPLIST_FILE = "DeadPixels/DeadPixels-Info.plist";
				PRODUCT_NAME = "$(TARGET_NAME)";
				WRAPPER_EXTENSION = app;
			};
			name = Release;
		};
/* End XCBuildConfiguration section */

/* Begin XCConfigurationList section */
		098F324C154FEAA60078D309 /* Build configuration list for PBXProject "DeadPixels" */ = {
			isa = XCConfigurationList;
			buildConfigurations = (
				098F326E154FEAA60078D309 /* Debug */,
				098F326F154FEAA60078D309 /* Release */,
			);
			defaultConfigurationIsVisible = 0;
			defaultConfigurationName = Release;
		};
		098F3270154FEAA60078D309 /* Build configuration list for PBXNativeTarget "DeadPixels" */ = {
			isa = XCConfigurationList;
			buildConfigurations = (
				098F3271154FEAA60078D309 /* Debug */,
				098F3272154FEAA60078D309 /* Release */,
			);
			defaultConfigurationIsVisible = 0;
		};
/* End XCConfigurationList section */
	};
	rootObject = 098F3249154FEAA60078D309 /* Project object */;
}
