// !$*UTF8*$!
{
	archiveVersion = 1;
	classes = {
	};
	objectVersion = 46;
	objects = {

/* Begin PBXBuildFile section */
		0918150F154FF08C00DDA547 /* QuartzCore.framework in Frameworks */ = {isa = PBXBuildFile; fileRef = 0918150E154FF08C00DDA547 /* QuartzCore.framework */; };
		0918151A154FF59B00DDA547 /* TestViewController.m in Sources */ = {isa = PBXBuildFile; fileRef = 09181518154FF59B00DDA547 /* TestViewController.m */; };
		0918151B154FF59B00DDA547 /* TestViewController.xib in Resources */ = {isa = PBXBuildFile; fileRef = 09181519154FF59B00DDA547 /* TestViewController.xib */; };
		09181525154FF86A00DDA547 /* RGBStrategy.m in Sources */ = {isa = PBXBuildFile; fileRef = 09181524154FF86A00DDA547 /* RGBStrategy.m */; };
		091815291550184E00DDA547 /* BlackAndWhite.m in Sources */ = {isa = PBXBuildFile; fileRef = 091815281550184E00DDA547 /* BlackAndWhite.m */; };
		0918152C155018F600DDA547 /* SwitchColorsStrategy.m in Sources */ = {isa = PBXBuildFile; fileRef = 0918152B155018F600DDA547 /* SwitchColorsStrategy.m */; };
		0918153315501FCD00DDA547 /* MoireStrategy.m in Sources */ = {isa = PBXBuildFile; fileRef = 0918153215501FCD00DDA547 /* MoireStrategy.m */; };
		091815511550224700DDA547 /* button-bg-highlight.png in Resources */ = {isa = PBXBuildFile; fileRef = 0918154F1550224700DDA547 /* button-bg-highlight.png */; };
		091815521550224700DDA547 /* button-bg-normal.png in Resources */ = {isa = PBXBuildFile; fileRef = 091815501550224700DDA547 /* button-bg-normal.png */; };
		0918155E1550226D00DDA547 /* GreenMagenta.png in Resources */ = {isa = PBXBuildFile; fileRef = 091815561550226D00DDA547 /* GreenMagenta.png */; };
		0918155F1550226D00DDA547 /* RedCyan.png in Resources */ = {isa = PBXBuildFile; fileRef = 091815571550226D00DDA547 /* RedCyan.png */; };
		091815601550226D00DDA547 /* CyanRed.png in Resources */ = {isa = PBXBuildFile; fileRef = 091815581550226D00DDA547 /* CyanRed.png */; };
		091815611550226D00DDA547 /* YellowBlue.png in Resources */ = {isa = PBXBuildFile; fileRef = 091815591550226D00DDA547 /* YellowBlue.png */; };
		091815621550226D00DDA547 /* BlueYellow.png in Resources */ = {isa = PBXBuildFile; fileRef = 0918155A1550226D00DDA547 /* BlueYellow.png */; };
		091815631550226D00DDA547 /* WhiteBlack.png in Resources */ = {isa = PBXBuildFile; fileRef = 0918155B1550226D00DDA547 /* WhiteBlack.png */; };
		091815641550226D00DDA547 /* BlackWhite.png in Resources */ = {isa = PBXBuildFile; fileRef = 0918155C1550226D00DDA547 /* BlackWhite.png */; };
		091815651550226D00DDA547 /* MagentaGreen.png in Resources */ = {isa = PBXBuildFile; fileRef = 0918155D1550226D00DDA547 /* MagentaGreen.png */; };
		09181568155025EA00DDA547 /* ColorItem.m in Sources */ = {isa = PBXBuildFile; fileRef = 09181567155025EA00DDA547 /* ColorItem.m */; };
		0918156B155033C300DDA547 /* Settings.m in Sources */ = {isa = PBXBuildFile; fileRef = 0918156A155033C300DDA547 /* Settings.m */; };
		091815711550417700DDA547 /* AppIcon-114x114.png in Resources */ = {isa = PBXBuildFile; fileRef = 091815701550417700DDA547 /* AppIcon-114x114.png */; };
		091815731550417C00DDA547 /* AppIcon-57x57.png in Resources */ = {isa = PBXBuildFile; fileRef = 091815721550417C00DDA547 /* AppIcon-57x57.png */; };
		0918157C15504ECD00DDA547 /* MainViewController.xib in Resources */ = {isa = PBXBuildFile; fileRef = 0918157D15504ECD00DDA547 /* MainViewController.xib */; };
		091815941550621400DDA547 /* AppIcon-72x72.png in Resources */ = {isa = PBXBuildFile; fileRef = 091815931550621400DDA547 /* AppIcon-72x72.png */; };
		091815971550621700DDA547 /* AppIcon-144x144.png in Resources */ = {isa = PBXBuildFile; fileRef = 091815961550621700DDA547 /* AppIcon-144x144.png */; };
		098F31F01553C80300F35B80 /* background.png in Resources */ = {isa = PBXBuildFile; fileRef = 098F31EF1553C80300F35B80 /* background.png */; };
		098F3257154FEAA60078D309 /* UIKit.framework in Frameworks */ = {isa = PBXBuildFile; fileRef = 098F3256154FEAA60078D309 /* UIKit.framework */; };
		098F3259154FEAA60078D309 /* Foundation.framework in Frameworks */ = {isa = PBXBuildFile; fileRef = 098F3258154FEAA60078D309 /* Foundation.framework */; };
		098F325B154FEAA60078D309 /* CoreGraphics.framework in Frameworks */ = {isa = PBXBuildFile; fileRef = 098F325A154FEAA60078D309 /* CoreGraphics.framework */; };
		098F3261154FEAA60078D309 /* InfoPlist.strings in Resources */ = {isa = PBXBuildFile; fileRef = 098F325F154FEAA60078D309 /* InfoPlist.strings */; };
		098F3263154FEAA60078D309 /* main.m in Sources */ = {isa = PBXBuildFile; fileRef = 098F3262154FEAA60078D309 /* main.m */; };
		098F3267154FEAA60078D309 /* AppDelegate.m in Sources */ = {isa = PBXBuildFile; fileRef = 098F3266154FEAA60078D309 /* AppDelegate.m */; };
		098F326A154FEAA60078D309 /* MainViewController.m in Sources */ = {isa = PBXBuildFile; fileRef = 098F3269154FEAA60078D309 /* MainViewController.m */; };
/* End PBXBuildFile section */

/* Begin PBXFileReference section */
		0918150E154FF08C00DDA547 /* QuartzCore.framework */ = {isa = PBXFileReference; lastKnownFileType = wrapper.framework; name = QuartzCore.framework; path = System/Library/Frameworks/QuartzCore.framework; sourceTree = SDKROOT; };
		09181517154FF59B00DDA547 /* TestViewController.h */ = {isa = PBXFileReference; fileEncoding = 4; lastKnownFileType = sourcecode.c.h; path = TestViewController.h; sourceTree = "<group>"; };
		09181518154FF59B00DDA547 /* TestViewController.m */ = {isa = PBXFileReference; fileEncoding = 4; lastKnownFileType = sourcecode.c.objc; path = TestViewController.m; sourceTree = "<group>"; };
		09181519154FF59B00DDA547 /* TestViewController.xib */ = {isa = PBXFileReference; fileEncoding = 4; lastKnownFileType = file.xib; path = TestViewController.xib; sourceTree = "<group>"; };
		0918151D154FF7F800DDA547 /* Strategy.h */ = {isa = PBXFileReference; fileEncoding = 4; lastKnownFileType = sourcecode.c.h; path = Strategy.h; sourceTree = "<group>"; };
		09181523154FF86A00DDA547 /* RGBStrategy.h */ = {isa = PBXFileReference; fileEncoding = 4; lastKnownFileType = sourcecode.c.h; path = RGBStrategy.h; sourceTree = "<group>"; };
		09181524154FF86A00DDA547 /* RGBStrategy.m */ = {isa = PBXFileReference; fileEncoding = 4; lastKnownFileType = sourcecode.c.objc; path = RGBStrategy.m; sourceTree = "<group>"; };
		091815271550184E00DDA547 /* BlackAndWhite.h */ = {isa = PBXFileReference; fileEncoding = 4; lastKnownFileType = sourcecode.c.h; path = BlackAndWhite.h; sourceTree = "<group>"; };
		091815281550184E00DDA547 /* BlackAndWhite.m */ = {isa = PBXFileReference; fileEncoding = 4; lastKnownFileType = sourcecode.c.objc; path = BlackAndWhite.m; sourceTree = "<group>"; };
		0918152A155018F600DDA547 /* SwitchColorsStrategy.h */ = {isa = PBXFileReference; fileEncoding = 4; lastKnownFileType = sourcecode.c.h; path = SwitchColorsStrategy.h; sourceTree = "<group>"; };
		0918152B155018F600DDA547 /* SwitchColorsStrategy.m */ = {isa = PBXFileReference; fileEncoding = 4; lastKnownFileType = sourcecode.c.objc; path = SwitchColorsStrategy.m; sourceTree = "<group>"; };
		0918153115501FCD00DDA547 /* MoireStrategy.h */ = {isa = PBXFileReference; fileEncoding = 4; lastKnownFileType = sourcecode.c.h; path = MoireStrategy.h; sourceTree = "<group>"; };
		0918153215501FCD00DDA547 /* MoireStrategy.m */ = {isa = PBXFileReference; fileEncoding = 4; lastKnownFileType = sourcecode.c.objc; path = MoireStrategy.m; sourceTree = "<group>"; };
		0918154F1550224700DDA547 /* button-bg-highlight.png */ = {isa = PBXFileReference; lastKnownFileType = image.png; path = "button-bg-highlight.png"; sourceTree = "<group>"; };
		091815501550224700DDA547 /* button-bg-normal.png */ = {isa = PBXFileReference; lastKnownFileType = image.png; path = "button-bg-normal.png"; sourceTree = "<group>"; };
		091815561550226D00DDA547 /* GreenMagenta.png */ = {isa = PBXFileReference; lastKnownFileType = image.png; path = GreenMagenta.png; sourceTree = "<group>"; };
		091815571550226D00DDA547 /* RedCyan.png */ = {isa = PBXFileReference; lastKnownFileType = image.png; path = RedCyan.png; sourceTree = "<group>"; };
		091815581550226D00DDA547 /* CyanRed.png */ = {isa = PBXFileReference; lastKnownFileType = image.png; path = CyanRed.png; sourceTree = "<group>"; };
		091815591550226D00DDA547 /* YellowBlue.png */ = {isa = PBXFileReference; lastKnownFileType = image.png; path = YellowBlue.png; sourceTree = "<group>"; };
		0918155A1550226D00DDA547 /* BlueYellow.png */ = {isa = PBXFileReference; lastKnownFileType = image.png; path = BlueYellow.png; sourceTree = "<group>"; };
		0918155B1550226D00DDA547 /* WhiteBlack.png */ = {isa = PBXFileReference; lastKnownFileType = image.png; path = WhiteBlack.png; sourceTree = "<group>"; };
		0918155C1550226D00DDA547 /* BlackWhite.png */ = {isa = PBXFileReference; lastKnownFileType = image.png; path = BlackWhite.png; sourceTree = "<group>"; };
		0918155D1550226D00DDA547 /* MagentaGreen.png */ = {isa = PBXFileReference; lastKnownFileType = image.png; path = MagentaGreen.png; sourceTree = "<group>"; };
		09181566155025EA00DDA547 /* ColorItem.h */ = {isa = PBXFileReference; fileEncoding = 4; lastKnownFileType = sourcecode.c.h; path = ColorItem.h; sourceTree = "<group>"; };
		09181567155025EA00DDA547 /* ColorItem.m */ = {isa = PBXFileReference; fileEncoding = 4; lastKnownFileType = sourcecode.c.objc; path = ColorItem.m; sourceTree = "<group>"; };
		09181569155033C300DDA547 /* Settings.h */ = {isa = PBXFileReference; fileEncoding = 4; lastKnownFileType = sourcecode.c.h; path = Settings.h; sourceTree = "<group>"; };
		0918156A155033C300DDA547 /* Settings.m */ = {isa = PBXFileReference; fileEncoding = 4; lastKnownFileType = sourcecode.c.objc; path = Settings.m; sourceTree = "<group>"; };
		091815701550417700DDA547 /* AppIcon-114x114.png */ = {isa = PBXFileReference; lastKnownFileType = image.png; path = "AppIcon-114x114.png"; sourceTree = "<group>"; };
		091815721550417C00DDA547 /* AppIcon-57x57.png */ = {isa = PBXFileReference; lastKnownFileType = image.png; path = "AppIcon-57x57.png"; sourceTree = "<group>"; };
		0918157D15504ECD00DDA547 /* MainViewController.xib */ = {isa = PBXFileReference; lastKnownFileType = file.xib; path = MainViewController.xib; sourceTree = "<group>"; };
		091815931550621400DDA547 /* AppIcon-72x72.png */ = {isa = PBXFileReference; lastKnownFileType = image.png; path = "AppIcon-72x72.png"; sourceTree = "<group>"; };
		091815961550621700DDA547 /* AppIcon-144x144.png */ = {isa = PBXFileReference; lastKnownFileType = image.png; path = "AppIcon-144x144.png"; sourceTree = "<group>"; };
		098F31EF1553C80300F35B80 /* background.png */ = {isa = PBXFileReference; lastKnownFileType = image.png; path = background.png; sourceTree = "<group>"; };
		098F3252154FEAA60078D309 /* DeadPixels.app */ = {isa = PBXFileReference; explicitFileType = wrapper.application; includeInIndex = 0; path = DeadPixels.app; sourceTree = BUILT_PRODUCTS_DIR; };
		098F3256154FEAA60078D309 /* UIKit.framework */ = {isa = PBXFileReference; lastKnownFileType = wrapper.framework; name = UIKit.framework; path = System/Library/Frameworks/UIKit.framework; sourceTree = SDKROOT; };
		098F3258154FEAA60078D309 /* Foundation.framework */ = {isa = PBXFileReference; lastKnownFileType = wrapper.framework; name = Foundation.framework; path = System/Library/Frameworks/Foundation.framework; sourceTree = SDKROOT; };
		098F325A154FEAA60078D309 /* CoreGraphics.framework */ = {isa = PBXFileReference; lastKnownFileType = wrapper.framework; name = CoreGraphics.framework; path = System/Library/Frameworks/CoreGraphics.framework; sourceTree = SDKROOT; };
		098F325E154FEAA60078D309 /* DeadPixels-Info.plist */ = {isa = PBXFileReference; lastKnownFileType = text.plist.xml; path = "DeadPixels-Info.plist"; sourceTree = "<group>"; };
		098F3260154FEAA60078D309 /* en */ = {isa = PBXFileReference; lastKnownFileType = text.plist.strings; name = en; path = en.lproj/InfoPlist.strings; sourceTree = "<group>"; };
		098F3262154FEAA60078D309 /* main.m */ = {isa = PBXFileReference; lastKnownFileType = sourcecode.c.objc; path = main.m; sourceTree = "<group>"; };
		098F3264154FEAA60078D309 /* DeadPixels-Prefix.pch */ = {isa = PBXFileReference; lastKnownFileType = sourcecode.c.h; path = "DeadPixels-Prefix.pch"; sourceTree = "<group>"; };
		098F3265154FEAA60078D309 /* AppDelegate.h */ = {isa = PBXFileReference; lastKnownFileType = sourcecode.c.h; path = AppDelegate.h; sourceTree = "<group>"; };
		098F3266154FEAA60078D309 /* AppDelegate.m */ = {isa = PBXFileReference; lastKnownFileType = sourcecode.c.objc; path = AppDelegate.m; sourceTree = "<group>"; };
		098F3268154FEAA60078D309 /* MainViewController.h */ = {isa = PBXFileReference; lastKnownFileType = sourcecode.c.h; path = MainViewController.h; sourceTree = "<group>"; };
		098F3269154FEAA60078D309 /* MainViewController.m */ = {isa = PBXFileReference; lastKnownFileType = sourcecode.c.objc; path = MainViewController.m; sourceTree = "<group>"; };
/* End PBXFileReference section */

/* Begin PBXFrameworksBuildPhase section */
		098F324F154FEAA60078D309 /* Frameworks */ = {
			isa = PBXFrameworksBuildPhase;
			buildActionMask = 2147483647;
			files = (
				0918150F154FF08C00DDA547 /* QuartzCore.framework in Frameworks */,
				098F3257154FEAA60078D309 /* UIKit.framework in Frameworks */,
				098F3259154FEAA60078D309 /* Foundation.framework in Frameworks */,
				098F325B154FEAA60078D309 /* CoreGraphics.framework in Frameworks */,
			);
			runOnlyForDeploymentPostprocessing = 0;
		};
/* End PBXFrameworksBuildPhase section */

/* Begin PBXGroup section */
		0918151E154FF80500DDA547 /* Strategies */ = {
			isa = PBXGroup;
			children = (
				0918151D154FF7F800DDA547 /* Strategy.h */,
				09181523154FF86A00DDA547 /* RGBStrategy.h */,
				09181524154FF86A00DDA547 /* RGBStrategy.m */,
				091815271550184E00DDA547 /* BlackAndWhite.h */,
				091815281550184E00DDA547 /* BlackAndWhite.m */,
				0918152A155018F600DDA547 /* SwitchColorsStrategy.h */,
				0918152B155018F600DDA547 /* SwitchColorsStrategy.m */,
				0918153115501FCD00DDA547 /* MoireStrategy.h */,
				0918153215501FCD00DDA547 /* MoireStrategy.m */,
				09181566155025EA00DDA547 /* ColorItem.h */,
				09181567155025EA00DDA547 /* ColorItem.m */,
			);
			name = Strategies;
			sourceTree = "<group>";
		};
		09181546155021A800DDA547 /* Resources */ = {
			isa = PBXGroup;
			children = (
				098F31EF1553C80300F35B80 /* background.png */,
				091815551550225C00DDA547 /* Patterns */,
				0918154F1550224700DDA547 /* button-bg-highlight.png */,
				091815501550224700DDA547 /* button-bg-normal.png */,
			);
			name = Resources;
			path = DeadPixels/Resources;
			sourceTree = "<group>";
		};
		091815551550225C00DDA547 /* Patterns */ = {
			isa = PBXGroup;
			children = (
				091815561550226D00DDA547 /* GreenMagenta.png */,
				091815571550226D00DDA547 /* RedCyan.png */,
				091815581550226D00DDA547 /* CyanRed.png */,
				091815591550226D00DDA547 /* YellowBlue.png */,
				0918155A1550226D00DDA547 /* BlueYellow.png */,
				0918155B1550226D00DDA547 /* WhiteBlack.png */,
				0918155C1550226D00DDA547 /* BlackWhite.png */,
				0918155D1550226D00DDA547 /* MagentaGreen.png */,
			);
			name = Patterns;
			sourceTree = "<group>";
		};
		098F3247154FEAA60078D309 = {
			isa = PBXGroup;
			children = (
				091815961550621700DDA547 /* AppIcon-144x144.png */,
				091815931550621400DDA547 /* AppIcon-72x72.png */,
				091815721550417C00DDA547 /* AppIcon-57x57.png */,
				091815701550417700DDA547 /* AppIcon-114x114.png */,
				09181546155021A800DDA547 /* Resources */,
				098F325C154FEAA60078D309 /* DeadPixels */,
				098F3255154FEAA60078D309 /* Frameworks */,
				098F3253154FEAA60078D309 /* Products */,
			);
			sourceTree = "<group>";
		};
		098F3253154FEAA60078D309 /* Products */ = {
			isa = PBXGroup;
			children = (
				098F3252154FEAA60078D309 /* DeadPixels.app */,
			);
			name = Products;
			sourceTree = "<group>";
		};
		098F3255154FEAA60078D309 /* Frameworks */ = {
			isa = PBXGroup;
			children = (
				0918150E154FF08C00DDA547 /* QuartzCore.framework */,
				098F3256154FEAA60078D309 /* UIKit.framework */,
				098F3258154FEAA60078D309 /* Foundation.framework */,
				098F325A154FEAA60078D309 /* CoreGraphics.framework */,
			);
			name = Frameworks;
			sourceTree = "<group>";
		};
		098F325C154FEAA60078D309 /* DeadPixels */ = {
			isa = PBXGroup;
			children = (
				0918151E154FF80500DDA547 /* Strategies */,
				098F3268154FEAA60078D309 /* MainViewController.h */,
				098F3269154FEAA60078D309 /* MainViewController.m */,
				0918157D15504ECD00DDA547 /* MainViewController.xib */,
				09181517154FF59B00DDA547 /* TestViewController.h */,
				09181518154FF59B00DDA547 /* TestViewController.m */,
				09181519154FF59B00DDA547 /* TestViewController.xib */,
				09181569155033C300DDA547 /* Settings.h */,
				0918156A155033C300DDA547 /* Settings.m */,
				098F325D154FEAA60078D309 /* Supporting Files */,
			);
			path = DeadPixels;
			sourceTree = "<group>";
		};
		098F325D154FEAA60078D309 /* Supporting Files */ = {
			isa = PBXGroup;
			children = (
				098F3265154FEAA60078D309 /* AppDelegate.h */,
				098F3266154FEAA60078D309 /* AppDelegate.m */,
				098F325E154FEAA60078D309 /* DeadPixels-Info.plist */,
				098F325F154FEAA60078D309 /* InfoPlist.strings */,
				098F3262154FEAA60078D309 /* main.m */,
				098F3264154FEAA60078D309 /* DeadPixels-Prefix.pch */,
			);
			name = "Supporting Files";
			sourceTree = "<group>";
		};
/* End PBXGroup section */

/* Begin PBXNativeTarget section */
		098F3251154FEAA60078D309 /* DeadPixels */ = {
			isa = PBXNativeTarget;
			buildConfigurationList = 098F3270154FEAA60078D309 /* Build configuration list for PBXNativeTarget "DeadPixels" */;
			buildPhases = (
				098F324E154FEAA60078D309 /* Sources */,
				098F324F154FEAA60078D309 /* Frameworks */,
				098F3250154FEAA60078D309 /* Resources */,
			);
			buildRules = (
			);
			dependencies = (
			);
			name = DeadPixels;
			productName = DeadPixels;
			productReference = 098F3252154FEAA60078D309 /* DeadPixels.app */;
			productType = "com.apple.product-type.application";
		};
/* End PBXNativeTarget section */

/* Begin PBXProject section */
		098F3249154FEAA60078D309 /* Project object */ = {
			isa = PBXProject;
			attributes = {
				LastUpgradeCheck = 0430;
				ORGANIZATIONNAME = "Studio Mobile";
			};
			buildConfigurationList = 098F324C154FEAA60078D309 /* Build configuration list for PBXProject "DeadPixels" */;
			compatibilityVersion = "Xcode 3.2";
			developmentRegion = English;
			hasScannedForEncodings = 0;
			knownRegions = (
				en,
			);
			mainGroup = 098F3247154FEAA60078D309;
			productRefGroup = 098F3253154FEAA60078D309 /* Products */;
			projectDirPath = "";
			projectRoot = "";
			targets = (
				098F3251154FEAA60078D309 /* DeadPixels */,
			);
		};
/* End PBXProject section */

/* Begin PBXResourcesBuildPhase section */
		098F3250154FEAA60078D309 /* Resources */ = {
			isa = PBXResourcesBuildPhase;
			buildActionMask = 2147483647;
			files = (
				098F3261154FEAA60078D309 /* InfoPlist.strings in Resources */,
				0918157C15504ECD00DDA547 /* MainViewController.xib in Resources */,
				0918151B154FF59B00DDA547 /* TestViewController.xib in Resources */,
				091815511550224700DDA547 /* button-bg-highlight.png in Resources */,
				091815521550224700DDA547 /* button-bg-normal.png in Resources */,
				0918155E1550226D00DDA547 /* GreenMagenta.png in Resources */,
				0918155F1550226D00DDA547 /* RedCyan.png in Resources */,
				091815601550226D00DDA547 /* CyanRed.png in Resources */,
				091815611550226D00DDA547 /* YellowBlue.png in Resources */,
				091815621550226D00DDA547 /* BlueYellow.png in Resources */,
				091815631550226D00DDA547 /* WhiteBlack.png in Resources */,
				091815641550226D00DDA547 /* BlackWhite.png in Resources */,
				091815651550226D00DDA547 /* MagentaGreen.png in Resources */,
				091815711550417700DDA547 /* AppIcon-114x114.png in Resources */,
				091815731550417C00DDA547 /* AppIcon-57x57.png in Resources */,
				091815941550621400DDA547 /* AppIcon-72x72.png in Resources */,
				091815971550621700DDA547 /* AppIcon-144x144.png in Resources */,
				098F31F01553C80300F35B80 /* background.png in Resources */,
			);
			runOnlyForDeploymentPostprocessing = 0;
		};
/* End PBXResourcesBuildPhase section */

/* Begin PBXSourcesBuildPhase section */
		098F324E154FEAA60078D309 /* Sources */ = {
			isa = PBXSourcesBuildPhase;
			buildActionMask = 2147483647;
			files = (
				098F3263154FEAA60078D309 /* main.m in Sources */,
				098F3267154FEAA60078D309 /* AppDelegate.m in Sources */,
				098F326A154FEAA60078D309 /* MainViewController.m in Sources */,
				0918151A154FF59B00DDA547 /* TestViewController.m in Sources */,
				09181525154FF86A00DDA547 /* RGBStrategy.m in Sources */,
				091815291550184E00DDA547 /* BlackAndWhite.m in Sources */,
				0918152C155018F600DDA547 /* SwitchColorsStrategy.m in Sources */,
				0918153315501FCD00DDA547 /* MoireStrategy.m in Sources */,
				09181568155025EA00DDA547 /* ColorItem.m in Sources */,
				0918156B155033C300DDA547 /* Settings.m in Sources */,
			);
			runOnlyForDeploymentPostprocessing = 0;
		};
/* End PBXSourcesBuildPhase section */

/* Begin PBXVariantGroup section */
		098F325F154FEAA60078D309 /* InfoPlist.strings */ = {
			isa = PBXVariantGroup;
			children = (
				098F3260154FEAA60078D309 /* en */,
			);
			name = InfoPlist.strings;
			sourceTree = "<group>";
		};
/* End PBXVariantGroup section */

/* Begin XCBuildConfiguration section */
		098F326E154FEAA60078D309 /* Debug */ = {
			isa = XCBuildConfiguration;
			buildSettings = {
				ALWAYS_SEARCH_USER_PATHS = NO;
				ARCHS = "$(ARCHS_STANDARD_32_BIT)";
				CLANG_ENABLE_OBJC_ARC = YES;
				"CODE_SIGN_IDENTITY[sdk=iphoneos*]" = "iPhone Developer";
				COPY_PHASE_STRIP = NO;
				GCC_C_LANGUAGE_STANDARD = gnu99;
				GCC_DYNAMIC_NO_PIC = NO;
				GCC_OPTIMIZATION_LEVEL = 0;
				GCC_PREPROCESSOR_DEFINITIONS = (
					"DEBUG=1",
					"$(inherited)",
				);
				GCC_SYMBOLS_PRIVATE_EXTERN = NO;
				GCC_VERSION = com.apple.compilers.llvm.clang.1_0;
				GCC_WARN_ABOUT_RETURN_TYPE = YES;
				GCC_WARN_UNINITIALIZED_AUTOS = YES;
				GCC_WARN_UNUSED_VARIABLE = YES;
				IPHONEOS_DEPLOYMENT_TARGET = 4.0;
				SDKROOT = iphoneos;
			};
			name = Debug;
		};
		098F326F154FEAA60078D309 /* Release */ = {
			isa = XCBuildConfiguration;
			buildSettings = {
				ALWAYS_SEARCH_USER_PATHS = NO;
				ARCHS = "$(ARCHS_STANDARD_32_BIT)";
				CLANG_ENABLE_OBJC_ARC = YES;
				"CODE_SIGN_IDENTITY[sdk=iphoneos*]" = "iPhone Developer";
				COPY_PHASE_STRIP = YES;
				GCC_C_LANGUAGE_STANDARD = gnu99;
				GCC_VERSION = com.apple.compilers.llvm.clang.1_0;
				GCC_WARN_ABOUT_RETURN_TYPE = YES;
				GCC_WARN_UNINITIALIZED_AUTOS = YES;
				GCC_WARN_UNUSED_VARIABLE = YES;
				IPHONEOS_DEPLOYMENT_TARGET = 4.0;
				OTHER_CFLAGS = "-DNS_BLOCK_ASSERTIONS=1";
				SDKROOT = iphoneos;
				VALIDATE_PRODUCT = YES;
			};
			name = Release;
		};
		098F3271154FEAA60078D309 /* Debug */ = {
			isa = XCBuildConfiguration;
			buildSettings = {
				GCC_PRECOMPILE_PREFIX_HEADER = YES;
				GCC_PREFIX_HEADER = "DeadPixels/DeadPixels-Prefix.pch";
				INFOPLIST_FILE = "DeadPixels/DeadPixels-Info.plist";
				IPHONEOS_DEPLOYMENT_TARGET = 4.0;
				PRODUCT_NAME = "$(TARGET_NAME)";
				TARGETED_DEVICE_FAMILY = "1,2";
				WRAPPER_EXTENSION = app;
			};
			name = Debug;
		};
		098F3272154FEAA60078D309 /* Release */ = {
			isa = XCBuildConfiguration;
			buildSettings = {
				GCC_PRECOMPILE_PREFIX_HEADER = YES;
				GCC_PREFIX_HEADER = "DeadPixels/DeadPixels-Prefix.pch";
				INFOPLIST_FILE = "DeadPixels/DeadPixels-Info.plist";
				IPHONEOS_DEPLOYMENT_TARGET = 4.0;
				PRODUCT_NAME = "$(TARGET_NAME)";
				TARGETED_DEVICE_FAMILY = "1,2";
				WRAPPER_EXTENSION = app;
			};
			name = Release;
		};
/* End XCBuildConfiguration section */

/* Begin XCConfigurationList section */
		098F324C154FEAA60078D309 /* Build configuration list for PBXProject "DeadPixels" */ = {
			isa = XCConfigurationList;
			buildConfigurations = (
				098F326E154FEAA60078D309 /* Debug */,
				098F326F154FEAA60078D309 /* Release */,
			);
			defaultConfigurationIsVisible = 0;
			defaultConfigurationName = Release;
		};
		098F3270154FEAA60078D309 /* Build configuration list for PBXNativeTarget "DeadPixels" */ = {
			isa = XCConfigurationList;
			buildConfigurations = (
				098F3271154FEAA60078D309 /* Debug */,
				098F3272154FEAA60078D309 /* Release */,
			);
			defaultConfigurationIsVisible = 0;
			defaultConfigurationName = Release;
		};
/* End XCConfigurationList section */
	};
	rootObject = 098F3249154FEAA60078D309 /* Project object */;
}
